
Microsoft Visual Studio Solution File, Format Version 12.00
# Visual Studio 2013
VisualStudioVersion = 12.0.31101.0
MinimumVisualStudioVersion = 10.0.40219.1
Project("{8BC9CEB8-8B4A-11D0-8D11-00A0C91BC942}") = "app", "app\app.vcxproj", "{5C1856F6-6215-47ED-B8EB-A3BA91476851}"
EndProject
Project("{8BC9CEB8-8B4A-11D0-8D11-00A0C91BC942}") = "audio", "audio\audio.vcxproj", "{8B2918F2-D18B-4F5E-9E08-2685579B4673}"
EndProject
Project("{8BC9CEB8-8B4A-11D0-8D11-00A0C91BC942}") = "bank", "bank\bank.vcxproj", "{A203A446-5BA9-412F-94CB-66D43B64CDBC}"
EndProject
Project("{8BC9CEB8-8B4A-11D0-8D11-00A0C91BC942}") = "bblaunch", "bblaunch\bblaunch.vcxproj", "{6E3FEDAA-976E-4BA5-A9E6-B55C23B42DA9}"
EndProject
Project("{8BC9CEB8-8B4A-11D0-8D11-00A0C91BC942}") = "blitz2d", "blitz2d\blitz2d.vcxproj", "{75DC6E14-46F8-4B93-935B-6AD470B5BC67}"
EndProject
Project("{8BC9CEB8-8B4A-11D0-8D11-00A0C91BC942}") = "blitzcc", "blitzcc\blitzcc.vcxproj", "{3D38A11D-CB3D-4887-8002-E2FC6F9C0E7E}"
EndProject
Project("{8BC9CEB8-8B4A-11D0-8D11-00A0C91BC942}") = "blitzplus", "blitzplus\blitzplus.vcxproj", "{8B8A928B-5A35-4A34-B67E-C3643C24C91C}"
EndProject
Project("{8BC9CEB8-8B4A-11D0-8D11-00A0C91BC942}") = "canvas", "canvas\canvas.vcxproj", "{8E875195-F551-453B-97AC-9529D89A9808}"
EndProject
Project("{8BC9CEB8-8B4A-11D0-8D11-00A0C91BC942}") = "debug", "debug\debug.vcxproj", "{47DD10AB-9F1D-40E3-A86D-59C6803F46F9}"
EndProject
Project("{8BC9CEB8-8B4A-11D0-8D11-00A0C91BC942}") = "debugger", "debugger\debugger.vcxproj", "{B1679B7D-883C-44D1-83C9-BD57C868CCEE}"
EndProject
Project("{8BC9CEB8-8B4A-11D0-8D11-00A0C91BC942}") = "event", "event\event.vcxproj", "{911F7B29-D5C3-4A76-8921-40580CE33349}"
EndProject
Project("{8BC9CEB8-8B4A-11D0-8D11-00A0C91BC942}") = "filesys", "filesys\filesys.vcxproj", "{C3575784-7988-48A4-904A-A50390F1A777}"
EndProject
Project("{8BC9CEB8-8B4A-11D0-8D11-00A0C91BC942}") = "font", "font\font.vcxproj", "{3E23F68F-1FE2-4B16-8FF6-F481EC278E3D}"
EndProject
Project("{8BC9CEB8-8B4A-11D0-8D11-00A0C91BC942}") = "graphics", "graphics\graphics.vcxproj", "{07006DBC-50EB-4521-AD9F-B0FB726B0C07}"
EndProject
Project("{8BC9CEB8-8B4A-11D0-8D11-00A0C91BC942}") = "grdriver", "grdriver\grdriver.vcxproj", "{3A786A4A-5D75-4077-9A02-B0608DB45787}"
EndProject
Project("{8BC9CEB8-8B4A-11D0-8D11-00A0C91BC942}") = "grdriver2d", "grdriver2d\grdriver2d.vcxproj", "{01DBDF8E-2792-4CFE-A65E-ABE86E5E10B5}"
EndProject
Project("{8BC9CEB8-8B4A-11D0-8D11-00A0C91BC942}") = "gui", "gui\gui.vcxproj", "{AE18A42F-CB0A-4E4B-AD13-6F60F063943A}"
EndProject
Project("{8BC9CEB8-8B4A-11D0-8D11-00A0C91BC942}") = "ide", "ide\ide.vcxproj", "{02579F4C-A0E5-428B-8D7C-3781BAC3BFEF}"
EndProject
Project("{8BC9CEB8-8B4A-11D0-8D11-00A0C91BC942}") = "joystick", "joystick\joystick.vcxproj", "{A237E7DE-8CD7-4625-B80E-2570DD82D069}"
EndProject
Project("{8BC9CEB8-8B4A-11D0-8D11-00A0C91BC942}") = "linker", "linker\linker.vcxproj", "{E5BC04E9-D3B0-42BF-B38B-6E76CD51537A}"
EndProject
Project("{8BC9CEB8-8B4A-11D0-8D11-00A0C91BC942}") = "math", "math\math.vcxproj", "{B1F72B64-C197-43B1-A1A9-A0FB6166C3F6}"
EndProject
Project("{8BC9CEB8-8B4A-11D0-8D11-00A0C91BC942}") = "module", "module\module.vcxproj", "{CCD29B90-F6ED-496C-980C-FB08C12D10BD}"
EndProject
Project("{8BC9CEB8-8B4A-11D0-8D11-00A0C91BC942}") = "movie", "movie\movie.vcxproj", "{6C6E4832-0B90-42CD-854D-C1DAD795456F}"
EndProject
Project("{8BC9CEB8-8B4A-11D0-8D11-00A0C91BC942}") = "object", "object\object.vcxproj", "{C5F1F697-4288-41D4-98D1-2885046995EC}"
EndProject
Project("{8BC9CEB8-8B4A-11D0-8D11-00A0C91BC942}") = "opengl", "opengl\opengl.vcxproj", "{1118FB48-8064-4254-AC94-264834D394E5}"
EndProject
Project("{8BC9CEB8-8B4A-11D0-8D11-00A0C91BC942}") = "process", "process\process.vcxproj", "{183700C1-8EE7-4E2F-99A8-2D2AC16065FC}"
EndProject
Project("{8BC9CEB8-8B4A-11D0-8D11-00A0C91BC942}") = "rsource", "rsource\rsource.vcxproj", "{C5136C6B-4214-477F-B4D2-F20FDF3CDF0C}"
EndProject
Project("{8BC9CEB8-8B4A-11D0-8D11-00A0C91BC942}") = "screen", "screen\screen.vcxproj", "{DB38A04A-A464-486E-B864-33FB29937144}"
EndProject
Project("{8BC9CEB8-8B4A-11D0-8D11-00A0C91BC942}") = "stream", "stream\stream.vcxproj", "{14129ED7-3078-46F3-A53F-8F6F7600595F}"
EndProject
Project("{8BC9CEB8-8B4A-11D0-8D11-00A0C91BC942}") = "string", "string\string.vcxproj", "{EC7F486A-39AF-4BE1-B221-8C1E2CA07A70}"
EndProject
Project("{8BC9CEB8-8B4A-11D0-8D11-00A0C91BC942}") = "tcpip", "tcpip\tcpip.vcxproj", "{F9D9FB9C-6075-4F33-996D-B3A20D964258}"
EndProject
Project("{8BC9CEB8-8B4A-11D0-8D11-00A0C91BC942}") = "time", "time\time.vcxproj", "{186C1692-6058-4DAA-8E0E-94D3ACB2FC6C}"
EndProject
Project("{8BC9CEB8-8B4A-11D0-8D11-00A0C91BC942}") = "timer", "timer\timer.vcxproj", "{C54A48CA-5010-4415-9C6F-AA430E35F922}"
EndProject
Project("{8BC9CEB8-8B4A-11D0-8D11-00A0C91BC942}") = "visual", "visual\visual.vcxproj", "{594F07FC-9C7C-4710-AF87-4D226CFE9625}"
EndProject
Project("{8BC9CEB8-8B4A-11D0-8D11-00A0C91BC942}") = "win32canvas", "win32canvas\win32canvas.vcxproj", "{3634A2A0-F887-413B-BDA1-F3C5EFBB00E2}"
EndProject
Project("{8BC9CEB8-8B4A-11D0-8D11-00A0C91BC942}") = "win32dd", "win32dd\win32dd.vcxproj", "{0573C793-B248-4C74-94C2-88CC65D263A6}"
EndProject
Project("{8BC9CEB8-8B4A-11D0-8D11-00A0C91BC942}") = "win32ddcanvas", "win32ddcanvas\win32ddcanvas.vcxproj", "{8B0F512D-CE12-44BA-9BF3-BE2B05A46063}"
EndProject
Project("{8BC9CEB8-8B4A-11D0-8D11-00A0C91BC942}") = "win32ddgrdriver2d", "win32ddgrdriver2d\win32ddgrdriver2d.vcxproj", "{A2F7DF74-3785-423A-B8DA-DF436B98AD91}"
EndProject
Project("{8BC9CEB8-8B4A-11D0-8D11-00A0C91BC942}") = "win32ddscreen", "win32ddscreen\win32ddscreen.vcxproj", "{0E02A6E1-61CE-47DE-9C43-7A54E097337A}"
EndProject
Project("{8BC9CEB8-8B4A-11D0-8D11-00A0C91BC942}") = "win32dib", "win32dib\win32dib.vcxproj", "{358D3804-8D4B-454D-B8A7-84835A1A3015}"
EndProject
Project("{8BC9CEB8-8B4A-11D0-8D11-00A0C91BC942}") = "win32dpnetgame", "win32dpnetgame\win32dpnetgame.vcxproj", "{B748A890-C2CE-4502-8740-2A5FFCFB996E}"
EndProject
Project("{8BC9CEB8-8B4A-11D0-8D11-00A0C91BC942}") = "win32dsmovie", "win32dsmovie\win32dsmovie.vcxproj", "{4582747D-7929-4719-9FE3-8BFE61ADFE0E}"
EndProject
Project("{8BC9CEB8-8B4A-11D0-8D11-00A0C91BC942}") = "win32event", "win32event\win32event.vcxproj", "{0D463F52-B956-44D7-BBD6-48321B189420}"
EndProject
Project("{8BC9CEB8-8B4A-11D0-8D11-00A0C91BC942}") = "win32font", "win32font\win32font.vcxproj", "{D3F033D9-976C-4E6D-BBB8-1E338013EE3C}"
EndProject
Project("{8BC9CEB8-8B4A-11D0-8D11-00A0C91BC942}") = "win32gdi", "win32gdi\win32gdi.vcxproj", "{4958952A-C2F5-458E-A40B-EA05FCF4FA91}"
EndProject
Project("{8BC9CEB8-8B4A-11D0-8D11-00A0C91BC942}") = "win32gdicanvas", "win32gdicanvas\win32gdicanvas.vcxproj", "{B82A2CE4-186C-48BD-82C4-7599C5583A11}"
EndProject
Project("{8BC9CEB8-8B4A-11D0-8D11-00A0C91BC942}") = "win32gdigrdriver2d", "win32gdigrdriver2d\win32gdigrdriver2d.vcxproj", "{DB6CB725-7349-4919-BE50-378306970726}"
EndProject
Project("{8BC9CEB8-8B4A-11D0-8D11-00A0C91BC942}") = "win32gdiscreen", "win32gdiscreen\win32gdiscreen.vcxproj", "{62756B06-ADE8-4CD7-9C71-1C566402320B}"
EndProject
Project("{8BC9CEB8-8B4A-11D0-8D11-00A0C91BC942}") = "win32gl", "win32gl\win32gl.vcxproj", "{B60076AD-6842-49E6-A80B-07611E23C8AE}"
EndProject
Project("{8BC9CEB8-8B4A-11D0-8D11-00A0C91BC942}") = "win32glcanvas", "win32glcanvas\win32glcanvas.vcxproj", "{460D36EC-15A3-46B8-A732-702ED6F0D518}"
EndProject
Project("{8BC9CEB8-8B4A-11D0-8D11-00A0C91BC942}") = "win32glgrdriver2d", "win32glgrdriver2d\win32glgrdriver2d.vcxproj", "{842EFC43-F758-4D1E-A683-D5DA811CEC6F}"
EndProject
Project("{8BC9CEB8-8B4A-11D0-8D11-00A0C91BC942}") = "win32glscreen", "win32glscreen\win32glscreen.vcxproj", "{228333CD-4439-4346-A2D6-8607A9584F2D}"
EndProject
Project("{8BC9CEB8-8B4A-11D0-8D11-00A0C91BC942}") = "win32gui", "win32gui\win32gui.vcxproj", "{040EE6C9-76B5-40C0-9F54-955DCAB29A4C}"
EndProject
Project("{8BC9CEB8-8B4A-11D0-8D11-00A0C91BC942}") = "win32hwnd", "win32hwnd\win32hwnd.vcxproj", "{56C32F2F-B516-4C64-BCD5-62E4B4EE8DE6}"
EndProject
Project("{8BC9CEB8-8B4A-11D0-8D11-00A0C91BC942}") = "win32screen", "win32screen\win32screen.vcxproj", "{045BB38D-FF50-4AAC-94CF-ED2D91A0140C}"
EndProject
Project("{8BC9CEB8-8B4A-11D0-8D11-00A0C91BC942}") = "win32timer", "win32timer\win32timer.vcxproj", "{146A0663-575C-4AAE-B02A-A458C74C26A9}"
EndProject
Global
	GlobalSection(SolutionConfigurationPlatforms) = preSolution
		Debug|Win32 = Debug|Win32
		Release|Win32 = Release|Win32
		Template|Win32 = Template|Win32
	EndGlobalSection
	GlobalSection(ProjectConfigurationPlatforms) = postSolution
		{5C1856F6-6215-47ED-B8EB-A3BA91476851}.Debug|Win32.ActiveCfg = Debug|Win32
		{5C1856F6-6215-47ED-B8EB-A3BA91476851}.Debug|Win32.Build.0 = Debug|Win32
		{5C1856F6-6215-47ED-B8EB-A3BA91476851}.Release|Win32.ActiveCfg = Release|Win32
		{5C1856F6-6215-47ED-B8EB-A3BA91476851}.Release|Win32.Build.0 = Release|Win32
		{5C1856F6-6215-47ED-B8EB-A3BA91476851}.Template|Win32.ActiveCfg = Release|Win32
		{5C1856F6-6215-47ED-B8EB-A3BA91476851}.Template|Win32.Build.0 = Release|Win32
		{8B2918F2-D18B-4F5E-9E08-2685579B4673}.Debug|Win32.ActiveCfg = Debug|Win32
		{8B2918F2-D18B-4F5E-9E08-2685579B4673}.Debug|Win32.Build.0 = Debug|Win32
		{8B2918F2-D18B-4F5E-9E08-2685579B4673}.Release|Win32.ActiveCfg = Release|Win32
		{8B2918F2-D18B-4F5E-9E08-2685579B4673}.Release|Win32.Build.0 = Release|Win32
		{8B2918F2-D18B-4F5E-9E08-2685579B4673}.Template|Win32.ActiveCfg = Template|Win32
		{8B2918F2-D18B-4F5E-9E08-2685579B4673}.Template|Win32.Build.0 = Template|Win32
		{A203A446-5BA9-412F-94CB-66D43B64CDBC}.Debug|Win32.ActiveCfg = Debug|Win32
		{A203A446-5BA9-412F-94CB-66D43B64CDBC}.Debug|Win32.Build.0 = Debug|Win32
		{A203A446-5BA9-412F-94CB-66D43B64CDBC}.Release|Win32.ActiveCfg = Release|Win32
		{A203A446-5BA9-412F-94CB-66D43B64CDBC}.Release|Win32.Build.0 = Release|Win32
		{A203A446-5BA9-412F-94CB-66D43B64CDBC}.Template|Win32.ActiveCfg = Template|Win32
		{A203A446-5BA9-412F-94CB-66D43B64CDBC}.Template|Win32.Build.0 = Template|Win32
		{6E3FEDAA-976E-4BA5-A9E6-B55C23B42DA9}.Debug|Win32.ActiveCfg = Debug|Win32
		{6E3FEDAA-976E-4BA5-A9E6-B55C23B42DA9}.Debug|Win32.Build.0 = Debug|Win32
		{6E3FEDAA-976E-4BA5-A9E6-B55C23B42DA9}.Release|Win32.ActiveCfg = Release|Win32
		{6E3FEDAA-976E-4BA5-A9E6-B55C23B42DA9}.Release|Win32.Build.0 = Release|Win32
		{6E3FEDAA-976E-4BA5-A9E6-B55C23B42DA9}.Template|Win32.ActiveCfg = Template|Win32
		{6E3FEDAA-976E-4BA5-A9E6-B55C23B42DA9}.Template|Win32.Build.0 = Template|Win32
		{75DC6E14-46F8-4B93-935B-6AD470B5BC67}.Debug|Win32.ActiveCfg = Debug|Win32
		{75DC6E14-46F8-4B93-935B-6AD470B5BC67}.Debug|Win32.Build.0 = Debug|Win32
		{75DC6E14-46F8-4B93-935B-6AD470B5BC67}.Release|Win32.ActiveCfg = Release|Win32
		{75DC6E14-46F8-4B93-935B-6AD470B5BC67}.Release|Win32.Build.0 = Release|Win32
		{75DC6E14-46F8-4B93-935B-6AD470B5BC67}.Template|Win32.ActiveCfg = Template|Win32
		{75DC6E14-46F8-4B93-935B-6AD470B5BC67}.Template|Win32.Build.0 = Template|Win32
		{3D38A11D-CB3D-4887-8002-E2FC6F9C0E7E}.Debug|Win32.ActiveCfg = Debug|Win32
		{3D38A11D-CB3D-4887-8002-E2FC6F9C0E7E}.Debug|Win32.Build.0 = Debug|Win32
		{3D38A11D-CB3D-4887-8002-E2FC6F9C0E7E}.Release|Win32.ActiveCfg = Release|Win32
		{3D38A11D-CB3D-4887-8002-E2FC6F9C0E7E}.Release|Win32.Build.0 = Release|Win32
		{3D38A11D-CB3D-4887-8002-E2FC6F9C0E7E}.Template|Win32.ActiveCfg = Template|Win32
		{3D38A11D-CB3D-4887-8002-E2FC6F9C0E7E}.Template|Win32.Build.0 = Template|Win32
		{8B8A928B-5A35-4A34-B67E-C3643C24C91C}.Debug|Win32.ActiveCfg = Debug|Win32
		{8B8A928B-5A35-4A34-B67E-C3643C24C91C}.Debug|Win32.Build.0 = Debug|Win32
		{8B8A928B-5A35-4A34-B67E-C3643C24C91C}.Release|Win32.ActiveCfg = Release|Win32
		{8B8A928B-5A35-4A34-B67E-C3643C24C91C}.Release|Win32.Build.0 = Release|Win32
		{8B8A928B-5A35-4A34-B67E-C3643C24C91C}.Template|Win32.ActiveCfg = Template|Win32
		{8B8A928B-5A35-4A34-B67E-C3643C24C91C}.Template|Win32.Build.0 = Template|Win32
		{8E875195-F551-453B-97AC-9529D89A9808}.Debug|Win32.ActiveCfg = Debug|Win32
		{8E875195-F551-453B-97AC-9529D89A9808}.Debug|Win32.Build.0 = Debug|Win32
		{8E875195-F551-453B-97AC-9529D89A9808}.Release|Win32.ActiveCfg = Release|Win32
		{8E875195-F551-453B-97AC-9529D89A9808}.Release|Win32.Build.0 = Release|Win32
		{8E875195-F551-453B-97AC-9529D89A9808}.Template|Win32.ActiveCfg = Template|Win32
		{8E875195-F551-453B-97AC-9529D89A9808}.Template|Win32.Build.0 = Template|Win32
		{47DD10AB-9F1D-40E3-A86D-59C6803F46F9}.Debug|Win32.ActiveCfg = Debug|Win32
		{47DD10AB-9F1D-40E3-A86D-59C6803F46F9}.Debug|Win32.Build.0 = Debug|Win32
		{47DD10AB-9F1D-40E3-A86D-59C6803F46F9}.Release|Win32.ActiveCfg = Release|Win32
		{47DD10AB-9F1D-40E3-A86D-59C6803F46F9}.Release|Win32.Build.0 = Release|Win32
		{47DD10AB-9F1D-40E3-A86D-59C6803F46F9}.Template|Win32.ActiveCfg = Template|Win32
		{47DD10AB-9F1D-40E3-A86D-59C6803F46F9}.Template|Win32.Build.0 = Template|Win32
		{B1679B7D-883C-44D1-83C9-BD57C868CCEE}.Debug|Win32.ActiveCfg = Debug|Win32
		{B1679B7D-883C-44D1-83C9-BD57C868CCEE}.Debug|Win32.Build.0 = Debug|Win32
		{B1679B7D-883C-44D1-83C9-BD57C868CCEE}.Release|Win32.ActiveCfg = Release|Win32
		{B1679B7D-883C-44D1-83C9-BD57C868CCEE}.Release|Win32.Build.0 = Release|Win32
		{B1679B7D-883C-44D1-83C9-BD57C868CCEE}.Template|Win32.ActiveCfg = Template|Win32
		{B1679B7D-883C-44D1-83C9-BD57C868CCEE}.Template|Win32.Build.0 = Template|Win32
		{911F7B29-D5C3-4A76-8921-40580CE33349}.Debug|Win32.ActiveCfg = Debug|Win32
		{911F7B29-D5C3-4A76-8921-40580CE33349}.Debug|Win32.Build.0 = Debug|Win32
		{911F7B29-D5C3-4A76-8921-40580CE33349}.Release|Win32.ActiveCfg = Release|Win32
		{911F7B29-D5C3-4A76-8921-40580CE33349}.Release|Win32.Build.0 = Release|Win32
		{911F7B29-D5C3-4A76-8921-40580CE33349}.Template|Win32.ActiveCfg = Template|Win32
		{911F7B29-D5C3-4A76-8921-40580CE33349}.Template|Win32.Build.0 = Template|Win32
		{C3575784-7988-48A4-904A-A50390F1A777}.Debug|Win32.ActiveCfg = Debug|Win32
		{C3575784-7988-48A4-904A-A50390F1A777}.Debug|Win32.Build.0 = Debug|Win32
		{C3575784-7988-48A4-904A-A50390F1A777}.Release|Win32.ActiveCfg = Release|Win32
		{C3575784-7988-48A4-904A-A50390F1A777}.Release|Win32.Build.0 = Release|Win32
		{C3575784-7988-48A4-904A-A50390F1A777}.Template|Win32.ActiveCfg = Template|Win32
		{C3575784-7988-48A4-904A-A50390F1A777}.Template|Win32.Build.0 = Template|Win32
		{3E23F68F-1FE2-4B16-8FF6-F481EC278E3D}.Debug|Win32.ActiveCfg = Debug|Win32
		{3E23F68F-1FE2-4B16-8FF6-F481EC278E3D}.Debug|Win32.Build.0 = Debug|Win32
		{3E23F68F-1FE2-4B16-8FF6-F481EC278E3D}.Release|Win32.ActiveCfg = Release|Win32
		{3E23F68F-1FE2-4B16-8FF6-F481EC278E3D}.Release|Win32.Build.0 = Release|Win32
		{3E23F68F-1FE2-4B16-8FF6-F481EC278E3D}.Template|Win32.ActiveCfg = Template|Win32
		{3E23F68F-1FE2-4B16-8FF6-F481EC278E3D}.Template|Win32.Build.0 = Template|Win32
		{07006DBC-50EB-4521-AD9F-B0FB726B0C07}.Debug|Win32.ActiveCfg = Debug|Win32
		{07006DBC-50EB-4521-AD9F-B0FB726B0C07}.Debug|Win32.Build.0 = Debug|Win32
		{07006DBC-50EB-4521-AD9F-B0FB726B0C07}.Release|Win32.ActiveCfg = Release|Win32
		{07006DBC-50EB-4521-AD9F-B0FB726B0C07}.Release|Win32.Build.0 = Release|Win32
		{07006DBC-50EB-4521-AD9F-B0FB726B0C07}.Template|Win32.ActiveCfg = Template|Win32
		{07006DBC-50EB-4521-AD9F-B0FB726B0C07}.Template|Win32.Build.0 = Template|Win32
		{3A786A4A-5D75-4077-9A02-B0608DB45787}.Debug|Win32.ActiveCfg = Debug|Win32
		{3A786A4A-5D75-4077-9A02-B0608DB45787}.Debug|Win32.Build.0 = Debug|Win32
		{3A786A4A-5D75-4077-9A02-B0608DB45787}.Release|Win32.ActiveCfg = Release|Win32
		{3A786A4A-5D75-4077-9A02-B0608DB45787}.Release|Win32.Build.0 = Release|Win32
		{3A786A4A-5D75-4077-9A02-B0608DB45787}.Template|Win32.ActiveCfg = Template|Win32
		{3A786A4A-5D75-4077-9A02-B0608DB45787}.Template|Win32.Build.0 = Template|Win32
		{01DBDF8E-2792-4CFE-A65E-ABE86E5E10B5}.Debug|Win32.ActiveCfg = Debug|Win32
		{01DBDF8E-2792-4CFE-A65E-ABE86E5E10B5}.Debug|Win32.Build.0 = Debug|Win32
		{01DBDF8E-2792-4CFE-A65E-ABE86E5E10B5}.Release|Win32.ActiveCfg = Release|Win32
		{01DBDF8E-2792-4CFE-A65E-ABE86E5E10B5}.Release|Win32.Build.0 = Release|Win32
		{01DBDF8E-2792-4CFE-A65E-ABE86E5E10B5}.Template|Win32.ActiveCfg = Template|Win32
		{01DBDF8E-2792-4CFE-A65E-ABE86E5E10B5}.Template|Win32.Build.0 = Template|Win32
		{AE18A42F-CB0A-4E4B-AD13-6F60F063943A}.Debug|Win32.ActiveCfg = Debug|Win32
		{AE18A42F-CB0A-4E4B-AD13-6F60F063943A}.Debug|Win32.Build.0 = Debug|Win32
		{AE18A42F-CB0A-4E4B-AD13-6F60F063943A}.Release|Win32.ActiveCfg = Release|Win32
		{AE18A42F-CB0A-4E4B-AD13-6F60F063943A}.Release|Win32.Build.0 = Release|Win32
		{AE18A42F-CB0A-4E4B-AD13-6F60F063943A}.Template|Win32.ActiveCfg = Template|Win32
		{AE18A42F-CB0A-4E4B-AD13-6F60F063943A}.Template|Win32.Build.0 = Template|Win32
		{02579F4C-A0E5-428B-8D7C-3781BAC3BFEF}.Debug|Win32.ActiveCfg = Debug|Win32
		{02579F4C-A0E5-428B-8D7C-3781BAC3BFEF}.Debug|Win32.Build.0 = Debug|Win32
		{02579F4C-A0E5-428B-8D7C-3781BAC3BFEF}.Release|Win32.ActiveCfg = Release|Win32
		{02579F4C-A0E5-428B-8D7C-3781BAC3BFEF}.Release|Win32.Build.0 = Release|Win32
		{02579F4C-A0E5-428B-8D7C-3781BAC3BFEF}.Template|Win32.ActiveCfg = Template|Win32
		{02579F4C-A0E5-428B-8D7C-3781BAC3BFEF}.Template|Win32.Build.0 = Template|Win32
		{A237E7DE-8CD7-4625-B80E-2570DD82D069}.Debug|Win32.ActiveCfg = Debug|Win32
		{A237E7DE-8CD7-4625-B80E-2570DD82D069}.Debug|Win32.Build.0 = Debug|Win32
		{A237E7DE-8CD7-4625-B80E-2570DD82D069}.Release|Win32.ActiveCfg = Release|Win32
		{A237E7DE-8CD7-4625-B80E-2570DD82D069}.Release|Win32.Build.0 = Release|Win32
		{A237E7DE-8CD7-4625-B80E-2570DD82D069}.Template|Win32.ActiveCfg = Template|Win32
		{A237E7DE-8CD7-4625-B80E-2570DD82D069}.Template|Win32.Build.0 = Template|Win32
		{E5BC04E9-D3B0-42BF-B38B-6E76CD51537A}.Debug|Win32.ActiveCfg = Debug|Win32
		{E5BC04E9-D3B0-42BF-B38B-6E76CD51537A}.Debug|Win32.Build.0 = Debug|Win32
		{E5BC04E9-D3B0-42BF-B38B-6E76CD51537A}.Release|Win32.ActiveCfg = Release|Win32
		{E5BC04E9-D3B0-42BF-B38B-6E76CD51537A}.Release|Win32.Build.0 = Release|Win32
		{E5BC04E9-D3B0-42BF-B38B-6E76CD51537A}.Template|Win32.ActiveCfg = Template|Win32
		{E5BC04E9-D3B0-42BF-B38B-6E76CD51537A}.Template|Win32.Build.0 = Template|Win32
		{B1F72B64-C197-43B1-A1A9-A0FB6166C3F6}.Debug|Win32.ActiveCfg = Debug|Win32
		{B1F72B64-C197-43B1-A1A9-A0FB6166C3F6}.Debug|Win32.Build.0 = Debug|Win32
		{B1F72B64-C197-43B1-A1A9-A0FB6166C3F6}.Release|Win32.ActiveCfg = Release|Win32
		{B1F72B64-C197-43B1-A1A9-A0FB6166C3F6}.Release|Win32.Build.0 = Release|Win32
		{B1F72B64-C197-43B1-A1A9-A0FB6166C3F6}.Template|Win32.ActiveCfg = Template|Win32
		{B1F72B64-C197-43B1-A1A9-A0FB6166C3F6}.Template|Win32.Build.0 = Template|Win32
		{CCD29B90-F6ED-496C-980C-FB08C12D10BD}.Debug|Win32.ActiveCfg = Debug|Win32
		{CCD29B90-F6ED-496C-980C-FB08C12D10BD}.Debug|Win32.Build.0 = Debug|Win32
		{CCD29B90-F6ED-496C-980C-FB08C12D10BD}.Release|Win32.ActiveCfg = Release|Win32
		{CCD29B90-F6ED-496C-980C-FB08C12D10BD}.Release|Win32.Build.0 = Release|Win32
		{CCD29B90-F6ED-496C-980C-FB08C12D10BD}.Template|Win32.ActiveCfg = Template|Win32
		{CCD29B90-F6ED-496C-980C-FB08C12D10BD}.Template|Win32.Build.0 = Template|Win32
		{6C6E4832-0B90-42CD-854D-C1DAD795456F}.Debug|Win32.ActiveCfg = Debug|Win32
		{6C6E4832-0B90-42CD-854D-C1DAD795456F}.Debug|Win32.Build.0 = Debug|Win32
		{6C6E4832-0B90-42CD-854D-C1DAD795456F}.Release|Win32.ActiveCfg = Release|Win32
		{6C6E4832-0B90-42CD-854D-C1DAD795456F}.Release|Win32.Build.0 = Release|Win32
		{6C6E4832-0B90-42CD-854D-C1DAD795456F}.Template|Win32.ActiveCfg = Template|Win32
		{6C6E4832-0B90-42CD-854D-C1DAD795456F}.Template|Win32.Build.0 = Template|Win32
		{C5F1F697-4288-41D4-98D1-2885046995EC}.Debug|Win32.ActiveCfg = Debug|Win32
		{C5F1F697-4288-41D4-98D1-2885046995EC}.Debug|Win32.Build.0 = Debug|Win32
		{C5F1F697-4288-41D4-98D1-2885046995EC}.Release|Win32.ActiveCfg = Release|Win32
		{C5F1F697-4288-41D4-98D1-2885046995EC}.Release|Win32.Build.0 = Release|Win32
		{C5F1F697-4288-41D4-98D1-2885046995EC}.Template|Win32.ActiveCfg = Template|Win32
		{C5F1F697-4288-41D4-98D1-2885046995EC}.Template|Win32.Build.0 = Template|Win32
		{1118FB48-8064-4254-AC94-264834D394E5}.Debug|Win32.ActiveCfg = Debug|Win32
		{1118FB48-8064-4254-AC94-264834D394E5}.Debug|Win32.Build.0 = Debug|Win32
		{1118FB48-8064-4254-AC94-264834D394E5}.Release|Win32.ActiveCfg = Release|Win32
		{1118FB48-8064-4254-AC94-264834D394E5}.Release|Win32.Build.0 = Release|Win32
		{1118FB48-8064-4254-AC94-264834D394E5}.Template|Win32.ActiveCfg = Template|Win32
		{1118FB48-8064-4254-AC94-264834D394E5}.Template|Win32.Build.0 = Template|Win32
		{183700C1-8EE7-4E2F-99A8-2D2AC16065FC}.Debug|Win32.ActiveCfg = Debug|Win32
		{183700C1-8EE7-4E2F-99A8-2D2AC16065FC}.Debug|Win32.Build.0 = Debug|Win32
		{183700C1-8EE7-4E2F-99A8-2D2AC16065FC}.Release|Win32.ActiveCfg = Release|Win32
		{183700C1-8EE7-4E2F-99A8-2D2AC16065FC}.Release|Win32.Build.0 = Release|Win32
		{183700C1-8EE7-4E2F-99A8-2D2AC16065FC}.Template|Win32.ActiveCfg = Template|Win32
		{183700C1-8EE7-4E2F-99A8-2D2AC16065FC}.Template|Win32.Build.0 = Template|Win32
		{C5136C6B-4214-477F-B4D2-F20FDF3CDF0C}.Debug|Win32.ActiveCfg = Debug|Win32
		{C5136C6B-4214-477F-B4D2-F20FDF3CDF0C}.Debug|Win32.Build.0 = Debug|Win32
		{C5136C6B-4214-477F-B4D2-F20FDF3CDF0C}.Release|Win32.ActiveCfg = Release|Win32
		{C5136C6B-4214-477F-B4D2-F20FDF3CDF0C}.Release|Win32.Build.0 = Release|Win32
		{C5136C6B-4214-477F-B4D2-F20FDF3CDF0C}.Template|Win32.ActiveCfg = Template|Win32
		{C5136C6B-4214-477F-B4D2-F20FDF3CDF0C}.Template|Win32.Build.0 = Template|Win32
		{DB38A04A-A464-486E-B864-33FB29937144}.Debug|Win32.ActiveCfg = Debug|Win32
		{DB38A04A-A464-486E-B864-33FB29937144}.Debug|Win32.Build.0 = Debug|Win32
		{DB38A04A-A464-486E-B864-33FB29937144}.Release|Win32.ActiveCfg = Release|Win32
		{DB38A04A-A464-486E-B864-33FB29937144}.Release|Win32.Build.0 = Release|Win32
		{DB38A04A-A464-486E-B864-33FB29937144}.Template|Win32.ActiveCfg = Template|Win32
		{DB38A04A-A464-486E-B864-33FB29937144}.Template|Win32.Build.0 = Template|Win32
		{14129ED7-3078-46F3-A53F-8F6F7600595F}.Debug|Win32.ActiveCfg = Debug|Win32
		{14129ED7-3078-46F3-A53F-8F6F7600595F}.Debug|Win32.Build.0 = Debug|Win32
		{14129ED7-3078-46F3-A53F-8F6F7600595F}.Release|Win32.ActiveCfg = Release|Win32
		{14129ED7-3078-46F3-A53F-8F6F7600595F}.Release|Win32.Build.0 = Release|Win32
		{14129ED7-3078-46F3-A53F-8F6F7600595F}.Template|Win32.ActiveCfg = Template|Win32
		{14129ED7-3078-46F3-A53F-8F6F7600595F}.Template|Win32.Build.0 = Template|Win32
		{EC7F486A-39AF-4BE1-B221-8C1E2CA07A70}.Debug|Win32.ActiveCfg = Debug|Win32
		{EC7F486A-39AF-4BE1-B221-8C1E2CA07A70}.Debug|Win32.Build.0 = Debug|Win32
		{EC7F486A-39AF-4BE1-B221-8C1E2CA07A70}.Release|Win32.ActiveCfg = Release|Win32
		{EC7F486A-39AF-4BE1-B221-8C1E2CA07A70}.Release|Win32.Build.0 = Release|Win32
		{EC7F486A-39AF-4BE1-B221-8C1E2CA07A70}.Template|Win32.ActiveCfg = Template|Win32
		{EC7F486A-39AF-4BE1-B221-8C1E2CA07A70}.Template|Win32.Build.0 = Template|Win32
		{F9D9FB9C-6075-4F33-996D-B3A20D964258}.Debug|Win32.ActiveCfg = Debug|Win32
		{F9D9FB9C-6075-4F33-996D-B3A20D964258}.Debug|Win32.Build.0 = Debug|Win32
		{F9D9FB9C-6075-4F33-996D-B3A20D964258}.Release|Win32.ActiveCfg = Release|Win32
		{F9D9FB9C-6075-4F33-996D-B3A20D964258}.Release|Win32.Build.0 = Release|Win32
		{F9D9FB9C-6075-4F33-996D-B3A20D964258}.Template|Win32.ActiveCfg = Template|Win32
		{F9D9FB9C-6075-4F33-996D-B3A20D964258}.Template|Win32.Build.0 = Template|Win32
		{186C1692-6058-4DAA-8E0E-94D3ACB2FC6C}.Debug|Win32.ActiveCfg = Debug|Win32
		{186C1692-6058-4DAA-8E0E-94D3ACB2FC6C}.Debug|Win32.Build.0 = Debug|Win32
		{186C1692-6058-4DAA-8E0E-94D3ACB2FC6C}.Release|Win32.ActiveCfg = Release|Win32
		{186C1692-6058-4DAA-8E0E-94D3ACB2FC6C}.Release|Win32.Build.0 = Release|Win32
		{186C1692-6058-4DAA-8E0E-94D3ACB2FC6C}.Template|Win32.ActiveCfg = Template|Win32
		{186C1692-6058-4DAA-8E0E-94D3ACB2FC6C}.Template|Win32.Build.0 = Template|Win32
		{C54A48CA-5010-4415-9C6F-AA430E35F922}.Debug|Win32.ActiveCfg = Debug|Win32
		{C54A48CA-5010-4415-9C6F-AA430E35F922}.Debug|Win32.Build.0 = Debug|Win32
		{C54A48CA-5010-4415-9C6F-AA430E35F922}.Release|Win32.ActiveCfg = Release|Win32
		{C54A48CA-5010-4415-9C6F-AA430E35F922}.Release|Win32.Build.0 = Release|Win32
		{C54A48CA-5010-4415-9C6F-AA430E35F922}.Template|Win32.ActiveCfg = Template|Win32
		{C54A48CA-5010-4415-9C6F-AA430E35F922}.Template|Win32.Build.0 = Template|Win32
		{594F07FC-9C7C-4710-AF87-4D226CFE9625}.Debug|Win32.ActiveCfg = Debug|Win32
		{594F07FC-9C7C-4710-AF87-4D226CFE9625}.Debug|Win32.Build.0 = Debug|Win32
		{594F07FC-9C7C-4710-AF87-4D226CFE9625}.Release|Win32.ActiveCfg = Release|Win32
		{594F07FC-9C7C-4710-AF87-4D226CFE9625}.Release|Win32.Build.0 = Release|Win32
		{594F07FC-9C7C-4710-AF87-4D226CFE9625}.Template|Win32.ActiveCfg = Template|Win32
		{594F07FC-9C7C-4710-AF87-4D226CFE9625}.Template|Win32.Build.0 = Template|Win32
		{3634A2A0-F887-413B-BDA1-F3C5EFBB00E2}.Debug|Win32.ActiveCfg = Debug|Win32
		{3634A2A0-F887-413B-BDA1-F3C5EFBB00E2}.Debug|Win32.Build.0 = Debug|Win32
		{3634A2A0-F887-413B-BDA1-F3C5EFBB00E2}.Release|Win32.ActiveCfg = Release|Win32
		{3634A2A0-F887-413B-BDA1-F3C5EFBB00E2}.Release|Win32.Build.0 = Release|Win32
		{3634A2A0-F887-413B-BDA1-F3C5EFBB00E2}.Template|Win32.ActiveCfg = Template|Win32
		{3634A2A0-F887-413B-BDA1-F3C5EFBB00E2}.Template|Win32.Build.0 = Template|Win32
		{0573C793-B248-4C74-94C2-88CC65D263A6}.Debug|Win32.ActiveCfg = Debug|Win32
		{0573C793-B248-4C74-94C2-88CC65D263A6}.Debug|Win32.Build.0 = Debug|Win32
		{0573C793-B248-4C74-94C2-88CC65D263A6}.Release|Win32.ActiveCfg = Release|Win32
		{0573C793-B248-4C74-94C2-88CC65D263A6}.Release|Win32.Build.0 = Release|Win32
		{0573C793-B248-4C74-94C2-88CC65D263A6}.Template|Win32.ActiveCfg = Template|Win32
		{0573C793-B248-4C74-94C2-88CC65D263A6}.Template|Win32.Build.0 = Template|Win32
		{8B0F512D-CE12-44BA-9BF3-BE2B05A46063}.Debug|Win32.ActiveCfg = Debug|Win32
		{8B0F512D-CE12-44BA-9BF3-BE2B05A46063}.Debug|Win32.Build.0 = Debug|Win32
		{8B0F512D-CE12-44BA-9BF3-BE2B05A46063}.Release|Win32.ActiveCfg = Release|Win32
		{8B0F512D-CE12-44BA-9BF3-BE2B05A46063}.Release|Win32.Build.0 = Release|Win32
		{8B0F512D-CE12-44BA-9BF3-BE2B05A46063}.Template|Win32.ActiveCfg = Template|Win32
		{8B0F512D-CE12-44BA-9BF3-BE2B05A46063}.Template|Win32.Build.0 = Template|Win32
		{A2F7DF74-3785-423A-B8DA-DF436B98AD91}.Debug|Win32.ActiveCfg = Debug|Win32
		{A2F7DF74-3785-423A-B8DA-DF436B98AD91}.Debug|Win32.Build.0 = Debug|Win32
		{A2F7DF74-3785-423A-B8DA-DF436B98AD91}.Release|Win32.ActiveCfg = Release|Win32
		{A2F7DF74-3785-423A-B8DA-DF436B98AD91}.Release|Win32.Build.0 = Release|Win32
		{A2F7DF74-3785-423A-B8DA-DF436B98AD91}.Template|Win32.ActiveCfg = Template|Win32
		{A2F7DF74-3785-423A-B8DA-DF436B98AD91}.Template|Win32.Build.0 = Template|Win32
		{0E02A6E1-61CE-47DE-9C43-7A54E097337A}.Debug|Win32.ActiveCfg = Debug|Win32
		{0E02A6E1-61CE-47DE-9C43-7A54E097337A}.Debug|Win32.Build.0 = Debug|Win32
		{0E02A6E1-61CE-47DE-9C43-7A54E097337A}.Release|Win32.ActiveCfg = Release|Win32
		{0E02A6E1-61CE-47DE-9C43-7A54E097337A}.Release|Win32.Build.0 = Release|Win32
		{0E02A6E1-61CE-47DE-9C43-7A54E097337A}.Template|Win32.ActiveCfg = Template|Win32
		{0E02A6E1-61CE-47DE-9C43-7A54E097337A}.Template|Win32.Build.0 = Template|Win32
		{358D3804-8D4B-454D-B8A7-84835A1A3015}.Debug|Win32.ActiveCfg = Debug|Win32
		{358D3804-8D4B-454D-B8A7-84835A1A3015}.Debug|Win32.Build.0 = Debug|Win32
		{358D3804-8D4B-454D-B8A7-84835A1A3015}.Release|Win32.ActiveCfg = Release|Win32
		{358D3804-8D4B-454D-B8A7-84835A1A3015}.Release|Win32.Build.0 = Release|Win32
		{358D3804-8D4B-454D-B8A7-84835A1A3015}.Template|Win32.ActiveCfg = Template|Win32
		{358D3804-8D4B-454D-B8A7-84835A1A3015}.Template|Win32.Build.0 = Template|Win32
		{B748A890-C2CE-4502-8740-2A5FFCFB996E}.Debug|Win32.ActiveCfg = Debug|Win32
		{B748A890-C2CE-4502-8740-2A5FFCFB996E}.Debug|Win32.Build.0 = Debug|Win32
		{B748A890-C2CE-4502-8740-2A5FFCFB996E}.Release|Win32.ActiveCfg = Release|Win32
		{B748A890-C2CE-4502-8740-2A5FFCFB996E}.Release|Win32.Build.0 = Release|Win32
		{B748A890-C2CE-4502-8740-2A5FFCFB996E}.Template|Win32.ActiveCfg = Template|Win32
		{B748A890-C2CE-4502-8740-2A5FFCFB996E}.Template|Win32.Build.0 = Template|Win32
		{4582747D-7929-4719-9FE3-8BFE61ADFE0E}.Debug|Win32.ActiveCfg = Debug|Win32
		{4582747D-7929-4719-9FE3-8BFE61ADFE0E}.Debug|Win32.Build.0 = Debug|Win32
		{4582747D-7929-4719-9FE3-8BFE61ADFE0E}.Release|Win32.ActiveCfg = Release|Win32
		{4582747D-7929-4719-9FE3-8BFE61ADFE0E}.Release|Win32.Build.0 = Release|Win32
		{4582747D-7929-4719-9FE3-8BFE61ADFE0E}.Template|Win32.ActiveCfg = Template|Win32
		{4582747D-7929-4719-9FE3-8BFE61ADFE0E}.Template|Win32.Build.0 = Template|Win32
		{0D463F52-B956-44D7-BBD6-48321B189420}.Debug|Win32.ActiveCfg = Debug|Win32
		{0D463F52-B956-44D7-BBD6-48321B189420}.Debug|Win32.Build.0 = Debug|Win32
		{0D463F52-B956-44D7-BBD6-48321B189420}.Release|Win32.ActiveCfg = Release|Win32
		{0D463F52-B956-44D7-BBD6-48321B189420}.Release|Win32.Build.0 = Release|Win32
		{0D463F52-B956-44D7-BBD6-48321B189420}.Template|Win32.ActiveCfg = Template|Win32
		{0D463F52-B956-44D7-BBD6-48321B189420}.Template|Win32.Build.0 = Template|Win32
		{D3F033D9-976C-4E6D-BBB8-1E338013EE3C}.Debug|Win32.ActiveCfg = Debug|Win32
		{D3F033D9-976C-4E6D-BBB8-1E338013EE3C}.Debug|Win32.Build.0 = Debug|Win32
		{D3F033D9-976C-4E6D-BBB8-1E338013EE3C}.Release|Win32.ActiveCfg = Release|Win32
		{D3F033D9-976C-4E6D-BBB8-1E338013EE3C}.Release|Win32.Build.0 = Release|Win32
		{D3F033D9-976C-4E6D-BBB8-1E338013EE3C}.Template|Win32.ActiveCfg = Template|Win32
		{D3F033D9-976C-4E6D-BBB8-1E338013EE3C}.Template|Win32.Build.0 = Template|Win32
		{4958952A-C2F5-458E-A40B-EA05FCF4FA91}.Debug|Win32.ActiveCfg = Debug|Win32
		{4958952A-C2F5-458E-A40B-EA05FCF4FA91}.Debug|Win32.Build.0 = Debug|Win32
		{4958952A-C2F5-458E-A40B-EA05FCF4FA91}.Release|Win32.ActiveCfg = Release|Win32
		{4958952A-C2F5-458E-A40B-EA05FCF4FA91}.Release|Win32.Build.0 = Release|Win32
		{4958952A-C2F5-458E-A40B-EA05FCF4FA91}.Template|Win32.ActiveCfg = Template|Win32
		{4958952A-C2F5-458E-A40B-EA05FCF4FA91}.Template|Win32.Build.0 = Template|Win32
		{B82A2CE4-186C-48BD-82C4-7599C5583A11}.Debug|Win32.ActiveCfg = Debug|Win32
		{B82A2CE4-186C-48BD-82C4-7599C5583A11}.Debug|Win32.Build.0 = Debug|Win32
		{B82A2CE4-186C-48BD-82C4-7599C5583A11}.Release|Win32.ActiveCfg = Release|Win32
		{B82A2CE4-186C-48BD-82C4-7599C5583A11}.Release|Win32.Build.0 = Release|Win32
		{B82A2CE4-186C-48BD-82C4-7599C5583A11}.Template|Win32.ActiveCfg = Template|Win32
		{B82A2CE4-186C-48BD-82C4-7599C5583A11}.Template|Win32.Build.0 = Template|Win32
		{DB6CB725-7349-4919-BE50-378306970726}.Debug|Win32.ActiveCfg = Debug|Win32
		{DB6CB725-7349-4919-BE50-378306970726}.Debug|Win32.Build.0 = Debug|Win32
		{DB6CB725-7349-4919-BE50-378306970726}.Release|Win32.ActiveCfg = Release|Win32
		{DB6CB725-7349-4919-BE50-378306970726}.Release|Win32.Build.0 = Release|Win32
		{DB6CB725-7349-4919-BE50-378306970726}.Template|Win32.ActiveCfg = Template|Win32
		{DB6CB725-7349-4919-BE50-378306970726}.Template|Win32.Build.0 = Template|Win32
		{62756B06-ADE8-4CD7-9C71-1C566402320B}.Debug|Win32.ActiveCfg = Debug|Win32
		{62756B06-ADE8-4CD7-9C71-1C566402320B}.Debug|Win32.Build.0 = Debug|Win32
		{62756B06-ADE8-4CD7-9C71-1C566402320B}.Release|Win32.ActiveCfg = Release|Win32
		{62756B06-ADE8-4CD7-9C71-1C566402320B}.Release|Win32.Build.0 = Release|Win32
		{62756B06-ADE8-4CD7-9C71-1C566402320B}.Template|Win32.ActiveCfg = Template|Win32
		{62756B06-ADE8-4CD7-9C71-1C566402320B}.Template|Win32.Build.0 = Template|Win32
		{B60076AD-6842-49E6-A80B-07611E23C8AE}.Debug|Win32.ActiveCfg = Debug|Win32
		{B60076AD-6842-49E6-A80B-07611E23C8AE}.Debug|Win32.Build.0 = Debug|Win32
		{B60076AD-6842-49E6-A80B-07611E23C8AE}.Release|Win32.ActiveCfg = Release|Win32
		{B60076AD-6842-49E6-A80B-07611E23C8AE}.Release|Win32.Build.0 = Release|Win32
		{B60076AD-6842-49E6-A80B-07611E23C8AE}.Template|Win32.ActiveCfg = Template|Win32
		{B60076AD-6842-49E6-A80B-07611E23C8AE}.Template|Win32.Build.0 = Template|Win32
		{460D36EC-15A3-46B8-A732-702ED6F0D518}.Debug|Win32.ActiveCfg = Debug|Win32
		{460D36EC-15A3-46B8-A732-702ED6F0D518}.Debug|Win32.Build.0 = Debug|Win32
		{460D36EC-15A3-46B8-A732-702ED6F0D518}.Release|Win32.ActiveCfg = Release|Win32
		{460D36EC-15A3-46B8-A732-702ED6F0D518}.Release|Win32.Build.0 = Release|Win32
		{460D36EC-15A3-46B8-A732-702ED6F0D518}.Template|Win32.ActiveCfg = Template|Win32
		{460D36EC-15A3-46B8-A732-702ED6F0D518}.Template|Win32.Build.0 = Template|Win32
		{842EFC43-F758-4D1E-A683-D5DA811CEC6F}.Debug|Win32.ActiveCfg = Debug|Win32
		{842EFC43-F758-4D1E-A683-D5DA811CEC6F}.Debug|Win32.Build.0 = Debug|Win32
		{842EFC43-F758-4D1E-A683-D5DA811CEC6F}.Release|Win32.ActiveCfg = Release|Win32
		{842EFC43-F758-4D1E-A683-D5DA811CEC6F}.Release|Win32.Build.0 = Release|Win32
		{842EFC43-F758-4D1E-A683-D5DA811CEC6F}.Template|Win32.ActiveCfg = Template|Win32
		{842EFC43-F758-4D1E-A683-D5DA811CEC6F}.Template|Win32.Build.0 = Template|Win32
		{228333CD-4439-4346-A2D6-8607A9584F2D}.Debug|Win32.ActiveCfg = Debug|Win32
		{228333CD-4439-4346-A2D6-8607A9584F2D}.Debug|Win32.Build.0 = Debug|Win32
		{228333CD-4439-4346-A2D6-8607A9584F2D}.Release|Win32.ActiveCfg = Release|Win32
		{228333CD-4439-4346-A2D6-8607A9584F2D}.Release|Win32.Build.0 = Release|Win32
		{228333CD-4439-4346-A2D6-8607A9584F2D}.Template|Win32.ActiveCfg = Template|Win32
		{228333CD-4439-4346-A2D6-8607A9584F2D}.Template|Win32.Build.0 = Template|Win32
		{040EE6C9-76B5-40C0-9F54-955DCAB29A4C}.Debug|Win32.ActiveCfg = Debug|Win32
		{040EE6C9-76B5-40C0-9F54-955DCAB29A4C}.Debug|Win32.Build.0 = Debug|Win32
		{040EE6C9-76B5-40C0-9F54-955DCAB29A4C}.Release|Win32.ActiveCfg = Release|Win32
		{040EE6C9-76B5-40C0-9F54-955DCAB29A4C}.Release|Win32.Build.0 = Release|Win32
		{040EE6C9-76B5-40C0-9F54-955DCAB29A4C}.Template|Win32.ActiveCfg = Template|Win32
		{040EE6C9-76B5-40C0-9F54-955DCAB29A4C}.Template|Win32.Build.0 = Template|Win32
		{56C32F2F-B516-4C64-BCD5-62E4B4EE8DE6}.Debug|Win32.ActiveCfg = Debug|Win32
		{56C32F2F-B516-4C64-BCD5-62E4B4EE8DE6}.Debug|Win32.Build.0 = Debug|Win32
		{56C32F2F-B516-4C64-BCD5-62E4B4EE8DE6}.Release|Win32.ActiveCfg = Release|Win32
		{56C32F2F-B516-4C64-BCD5-62E4B4EE8DE6}.Release|Win32.Build.0 = Release|Win32
		{56C32F2F-B516-4C64-BCD5-62E4B4EE8DE6}.Template|Win32.ActiveCfg = Template|Win32
		{56C32F2F-B516-4C64-BCD5-62E4B4EE8DE6}.Template|Win32.Build.0 = Template|Win32
		{045BB38D-FF50-4AAC-94CF-ED2D91A0140C}.Debug|Win32.ActiveCfg = Debug|Win32
		{045BB38D-FF50-4AAC-94CF-ED2D91A0140C}.Debug|Win32.Build.0 = Debug|Win32
		{045BB38D-FF50-4AAC-94CF-ED2D91A0140C}.Release|Win32.ActiveCfg = Release|Win32
		{045BB38D-FF50-4AAC-94CF-ED2D91A0140C}.Release|Win32.Build.0 = Release|Win32
		{045BB38D-FF50-4AAC-94CF-ED2D91A0140C}.Template|Win32.ActiveCfg = Template|Win32
		{045BB38D-FF50-4AAC-94CF-ED2D91A0140C}.Template|Win32.Build.0 = Template|Win32
		{146A0663-575C-4AAE-B02A-A458C74C26A9}.Debug|Win32.ActiveCfg = Debug|Win32
		{146A0663-575C-4AAE-B02A-A458C74C26A9}.Debug|Win32.Build.0 = Debug|Win32
		{146A0663-575C-4AAE-B02A-A458C74C26A9}.Release|Win32.ActiveCfg = Release|Win32
		{146A0663-575C-4AAE-B02A-A458C74C26A9}.Release|Win32.Build.0 = Release|Win32
		{146A0663-575C-4AAE-B02A-A458C74C26A9}.Template|Win32.ActiveCfg = Template|Win32
		{146A0663-575C-4AAE-B02A-A458C74C26A9}.Template|Win32.Build.0 = Template|Win32
	EndGlobalSection
	GlobalSection(SolutionProperties) = preSolution
		HideSolutionNode = FALSE
	EndGlobalSection
EndGlobal
